
Microsoft Visual Studio Solution File, Format Version 12.00
# Visual Studio Version 16
VisualStudioVersion = 16.0.29503.13
MinimumVisualStudioVersion = 10.0.40219.1
Project("{FAE04EC0-301F-11D3-BF4B-00C04F79EFBC}") = "Windows SmartClean Forms", "Windows SmartClean Forms\Windows SmartClean Forms.csproj", "{300BF41E-EADC-46F9-88BF-E2F7D7B123BC}"
EndProject
Global
	GlobalSection(SolutionConfigurationPlatforms) = preSolution
		Debug|Any CPU = Debug|Any CPU
		Release|Any CPU = Release|Any CPU
	EndGlobalSection
	GlobalSection(ProjectConfigurationPlatforms) = postSolution
		{300BF41E-EADC-46F9-88BF-E2F7D7B123BC}.Debug|Any CPU.ActiveCfg = Debug|Any CPU
		{300BF41E-EADC-46F9-88BF-E2F7D7B123BC}.Debug|Any CPU.Build.0 = Debug|Any CPU
		{300BF41E-EADC-46F9-88BF-E2F7D7B123BC}.Release|Any CPU.ActiveCfg = Release|Any CPU
		{300BF41E-EADC-46F9-88BF-E2F7D7B123BC}.Release|Any CPU.Build.0 = Release|Any CPU
	EndGlobalSection
	GlobalSection(SolutionProperties) = preSolution
		HideSolutionNode = FALSE
	EndGlobalSection
	GlobalSection(ExtensibilityGlobals) = postSolution
		SolutionGuid = {AA989FE4-AE4D-4666-90A5-A1CF567CAFD8}
	EndGlobalSection
EndGlobal
